
Microsoft Visual Studio Solution File, Format Version 12.00
# Visual Studio 15
VisualStudioVersion = 15.0.28010.2036
MinimumVisualStudioVersion = 10.0.40219.1
Project("{FAE04EC0-301F-11D3-BF4B-00C04F79EFBC}") = "TestGit", "TestGit\TestGit.csproj", "{648A5937-B1BA-47EE-84DC-60E576B9F45A}"
EndProject
Project("{FAE04EC0-301F-11D3-BF4B-00C04F79EFBC}") = "WebApplication1", "WebApplication1\WebApplication1.csproj", "{02D6B701-D2D1-4B07-A6A5-FF0A1F3C2F1D}"
EndProject
Global
	GlobalSection(SolutionConfigurationPlatforms) = preSolution
		Debug|Any CPU = Debug|Any CPU
		Release|Any CPU = Release|Any CPU
	EndGlobalSection
	GlobalSection(ProjectConfigurationPlatforms) = postSolution
		{648A5937-B1BA-47EE-84DC-60E576B9F45A}.Debug|Any CPU.ActiveCfg = Debug|Any CPU
		{648A5937-B1BA-47EE-84DC-60E576B9F45A}.Debug|Any CPU.Build.0 = Debug|Any CPU
		{648A5937-B1BA-47EE-84DC-60E576B9F45A}.Release|Any CPU.ActiveCfg = Release|Any CPU
		{648A5937-B1BA-47EE-84DC-60E576B9F45A}.Release|Any CPU.Build.0 = Release|Any CPU
		{02D6B701-D2D1-4B07-A6A5-FF0A1F3C2F1D}.Debug|Any CPU.ActiveCfg = Debug|Any CPU
		{02D6B701-D2D1-4B07-A6A5-FF0A1F3C2F1D}.Debug|Any CPU.Build.0 = Debug|Any CPU
		{02D6B701-D2D1-4B07-A6A5-FF0A1F3C2F1D}.Release|Any CPU.ActiveCfg = Release|Any CPU
		{02D6B701-D2D1-4B07-A6A5-FF0A1F3C2F1D}.Release|Any CPU.Build.0 = Release|Any CPU
	EndGlobalSection
	GlobalSection(SolutionProperties) = preSolution
		HideSolutionNode = FALSE
	EndGlobalSection
	GlobalSection(ExtensibilityGlobals) = postSolution
		SolutionGuid = {96D215E5-30C3-467A-BF0F-1973B79607D7}
	EndGlobalSection
EndGlobal
